
Microsoft Visual Studio Solution File, Format Version 12.00
# Visual Studio Version 17
VisualStudioVersion = 17.6.33717.318
MinimumVisualStudioVersion = 10.0.40219.1
Project("{2150E333-8FDC-42A3-9474-1A3956D46DE8}") = "Domain", "Domain", "{02F53220-6B30-497C-9453-FBCE5CACC85E}"
EndProject
Project("{2150E333-8FDC-42A3-9474-1A3956D46DE8}") = "Application", "Application", "{9FEA5C44-2DE1-4D34-AAE1-271FFA0705F6}"
EndProject
Project("{2150E333-8FDC-42A3-9474-1A3956D46DE8}") = "Infrastructure", "Infrastructure", "{4EC41DB3-9300-4B0B-813A-556F6FF02840}"
EndProject
Project("{2150E333-8FDC-42A3-9474-1A3956D46DE8}") = "Presentation", "Presentation", "{73BB08D7-B048-47F6-B6FA-31857634504B}"
EndProject
Project("{2150E333-8FDC-42A3-9474-1A3956D46DE8}") = "src", "src", "{9D987AA3-87A8-47A6-A8D9-C1BB783B0F66}"
EndProject
Project("{2150E333-8FDC-42A3-9474-1A3956D46DE8}") = "tests", "tests", "{47611AC1-1371-46CC-BE83-408974F2F1E0}"
EndProject
Project("{2150E333-8FDC-42A3-9474-1A3956D46DE8}") = "docu", "docu", "{5C777905-79CE-43DB-854D-8DBF9BB45847}"
EndProject
Project("{2150E333-8FDC-42A3-9474-1A3956D46DE8}") = "Contracts", "Contracts", "{850816C6-C782-415B-BE3F-BA83107275E4}"
EndProject
Project("{2150E333-8FDC-42A3-9474-1A3956D46DE8}") = "API", "API", "{2F61B416-E73A-455C-B363-42D7E608B086}"
EndProject
Project("{FAE04EC0-301F-11D3-BF4B-00C04F79EFBC}") = "SecurityConnect.API", "SecurityConnect.API\SecurityConnect.API.csproj", "{CE4F28CF-6CBC-4D4C-A19D-34F88CFDFBDF}"
EndProject
Project("{FAE04EC0-301F-11D3-BF4B-00C04F79EFBC}") = "SecurityConnect.Application", "SecurityConnect.Application\SecurityConnect.Application.csproj", "{FF6F0133-42B3-40D8-8EBE-F18DF842B704}"
EndProject
Project("{FAE04EC0-301F-11D3-BF4B-00C04F79EFBC}") = "SecurityConnect.Contracts", "SecurityConnect.Contracts\SecurityConnect.Contracts.csproj", "{11777644-BBE2-43B0-9183-2657CE301F30}"
EndProject
Project("{FAE04EC0-301F-11D3-BF4B-00C04F79EFBC}") = "SecurityConnect.Domain", "SecurityConnect.Domain\SecurityConnect.Domain.csproj", "{2BB8F2D7-29D2-4A24-9B21-8DA8193B7B4F}"
EndProject
Project("{FAE04EC0-301F-11D3-BF4B-00C04F79EFBC}") = "SecurityConnect.Infrastructure", "SecurityConnect.Infrastructure\SecurityConnect.Infrastructure.csproj", "{87517D16-76C0-4A50-B78E-1AA2AC4FE02E}"
EndProject
Global
	GlobalSection(SolutionConfigurationPlatforms) = preSolution
		Debug|Any CPU = Debug|Any CPU
		Release|Any CPU = Release|Any CPU
	EndGlobalSection
	GlobalSection(ProjectConfigurationPlatforms) = postSolution
		{CE4F28CF-6CBC-4D4C-A19D-34F88CFDFBDF}.Debug|Any CPU.ActiveCfg = Debug|Any CPU
		{CE4F28CF-6CBC-4D4C-A19D-34F88CFDFBDF}.Debug|Any CPU.Build.0 = Debug|Any CPU
		{CE4F28CF-6CBC-4D4C-A19D-34F88CFDFBDF}.Release|Any CPU.ActiveCfg = Release|Any CPU
		{CE4F28CF-6CBC-4D4C-A19D-34F88CFDFBDF}.Release|Any CPU.Build.0 = Release|Any CPU
		{FF6F0133-42B3-40D8-8EBE-F18DF842B704}.Debug|Any CPU.ActiveCfg = Debug|Any CPU
		{FF6F0133-42B3-40D8-8EBE-F18DF842B704}.Debug|Any CPU.Build.0 = Debug|Any CPU
		{FF6F0133-42B3-40D8-8EBE-F18DF842B704}.Release|Any CPU.ActiveCfg = Release|Any CPU
		{FF6F0133-42B3-40D8-8EBE-F18DF842B704}.Release|Any CPU.Build.0 = Release|Any CPU
		{11777644-BBE2-43B0-9183-2657CE301F30}.Debug|Any CPU.ActiveCfg = Debug|Any CPU
		{11777644-BBE2-43B0-9183-2657CE301F30}.Debug|Any CPU.Build.0 = Debug|Any CPU
		{11777644-BBE2-43B0-9183-2657CE301F30}.Release|Any CPU.ActiveCfg = Release|Any CPU
		{11777644-BBE2-43B0-9183-2657CE301F30}.Release|Any CPU.Build.0 = Release|Any CPU
		{2BB8F2D7-29D2-4A24-9B21-8DA8193B7B4F}.Debug|Any CPU.ActiveCfg = Debug|Any CPU
		{2BB8F2D7-29D2-4A24-9B21-8DA8193B7B4F}.Debug|Any CPU.Build.0 = Debug|Any CPU
		{2BB8F2D7-29D2-4A24-9B21-8DA8193B7B4F}.Release|Any CPU.ActiveCfg = Release|Any CPU
		{2BB8F2D7-29D2-4A24-9B21-8DA8193B7B4F}.Release|Any CPU.Build.0 = Release|Any CPU
		{87517D16-76C0-4A50-B78E-1AA2AC4FE02E}.Debug|Any CPU.ActiveCfg = Debug|Any CPU
		{87517D16-76C0-4A50-B78E-1AA2AC4FE02E}.Debug|Any CPU.Build.0 = Debug|Any CPU
		{87517D16-76C0-4A50-B78E-1AA2AC4FE02E}.Release|Any CPU.ActiveCfg = Release|Any CPU
		{87517D16-76C0-4A50-B78E-1AA2AC4FE02E}.Release|Any CPU.Build.0 = Release|Any CPU
	EndGlobalSection
	GlobalSection(SolutionProperties) = preSolution
		HideSolutionNode = FALSE
	EndGlobalSection
	GlobalSection(NestedProjects) = preSolution
		{02F53220-6B30-497C-9453-FBCE5CACC85E} = {9D987AA3-87A8-47A6-A8D9-C1BB783B0F66}
		{9FEA5C44-2DE1-4D34-AAE1-271FFA0705F6} = {9D987AA3-87A8-47A6-A8D9-C1BB783B0F66}
		{4EC41DB3-9300-4B0B-813A-556F6FF02840} = {9D987AA3-87A8-47A6-A8D9-C1BB783B0F66}
		{73BB08D7-B048-47F6-B6FA-31857634504B} = {9D987AA3-87A8-47A6-A8D9-C1BB783B0F66}
		{850816C6-C782-415B-BE3F-BA83107275E4} = {73BB08D7-B048-47F6-B6FA-31857634504B}
		{2F61B416-E73A-455C-B363-42D7E608B086} = {73BB08D7-B048-47F6-B6FA-31857634504B}
		{CE4F28CF-6CBC-4D4C-A19D-34F88CFDFBDF} = {2F61B416-E73A-455C-B363-42D7E608B086}
		{FF6F0133-42B3-40D8-8EBE-F18DF842B704} = {9FEA5C44-2DE1-4D34-AAE1-271FFA0705F6}
		{11777644-BBE2-43B0-9183-2657CE301F30} = {850816C6-C782-415B-BE3F-BA83107275E4}
		{2BB8F2D7-29D2-4A24-9B21-8DA8193B7B4F} = {02F53220-6B30-497C-9453-FBCE5CACC85E}
		{87517D16-76C0-4A50-B78E-1AA2AC4FE02E} = {4EC41DB3-9300-4B0B-813A-556F6FF02840}
	EndGlobalSection
	GlobalSection(ExtensibilityGlobals) = postSolution
		SolutionGuid = {B0B4B573-AAEE-42DF-8B80-9A31860748A1}
	EndGlobalSection
EndGlobal
